
Microsoft Visual Studio Solution File, Format Version 12.00
Project("{2150E333-8FDC-42A3-9474-1A3956D46DE8}") = "src", "src", "{ED9ED851-F395-41D0-A7E2-43C669637619}"
EndProject
Project("{2150E333-8FDC-42A3-9474-1A3956D46DE8}") = "Server", "Server", "{4E7FE0A3-4AE8-4E3E-BE91-4133E1438150}"
EndProject
Project("{FAE04EC0-301F-11D3-BF4B-00C04F79EFBC}") = "FOT.Domain", "src\Server\FOT.Domain\FOT.Domain.csproj", "{5771722B-69B5-4F84-8C36-8F95132B0158}"
EndProject
Project("{FAE04EC0-301F-11D3-BF4B-00C04F79EFBC}") = "FOT.Application", "src\Server\FOT.Application\FOT.Application.csproj", "{7883D5DB-A309-4A04-931C-113D8E3E8B30}"
EndProject
Project("{2150E333-8FDC-42A3-9474-1A3956D46DE8}") = "Infrastructure", "Infrastructure", "{489029AF-A85F-4D0B-A8F0-3B1BFEF0F3FD}"
EndProject
Project("{FAE04EC0-301F-11D3-BF4B-00C04F79EFBC}") = "FOT.DatabaseInfrastructure", "src\Server\Infrastructure\FOT.DatabaseInfrastructure\FOT.DatabaseInfrastructure.csproj", "{AEC70C78-7448-4922-A27E-6CA64B2F695B}"
EndProject
Project("{FAE04EC0-301F-11D3-BF4B-00C04F79EFBC}") = "FOT.WebApi", "src\Server\FOT.WebApi\FOT.WebApi.csproj", "{1316511C-2EBB-40E1-939E-0425EE7383C3}"
EndProject
Project("{2150E333-8FDC-42A3-9474-1A3956D46DE8}") = "Solution Items", "Solution Items", "{7F5CF8B4-D6AD-4169-B88B-BBD7B17A94FC}"
	ProjectSection(SolutionItems) = preProject
		compose.yaml = compose.yaml
	EndProjectSection
EndProject
Project("{2150E333-8FDC-42A3-9474-1A3956D46DE8}") = "Workers", "Workers", "{12599FA8-DFFC-43C2-A06F-98D75CEF4784}"
EndProject
Project("{FAE04EC0-301F-11D3-BF4B-00C04F79EFBC}") = "FOT.OutboxWorker", "src\Server\Workers\FOT.OutboxWorker\FOT.OutboxWorker.csproj", "{FD486916-06FF-4415-B5B2-3E52816FEF77}"
EndProject
Project("{2150E333-8FDC-42A3-9474-1A3956D46DE8}") = "Client", "Client", "{FC40609C-E78D-4128-AB6D-1F4DD928EAB9}"
EndProject
Project("{FAE04EC0-301F-11D3-BF4B-00C04F79EFBC}") = "FOT.OrderChangedWorker", "src\Server\Workers\FOT.OrderChangedWorker\FOT.OrderChangedWorker.csproj", "{B3C5D0AA-EBDB-438D-B086-7831EDAE9D58}"
EndProject
Project("{2150E333-8FDC-42A3-9474-1A3956D46DE8}") = "tests", "tests", "{1D5C2BC4-EFAD-4883-AB0C-8757C25568E3}"
EndProject
Project("{2150E333-8FDC-42A3-9474-1A3956D46DE8}") = "Server", "Server", "{7B64AECD-B91F-4281-A717-900A2B1E9547}"
EndProject
Project("{FAE04EC0-301F-11D3-BF4B-00C04F79EFBC}") = "FOT.Domain.Tests", "tests\Server\FOT.Domain.Tests\FOT.Domain.Tests.csproj", "{F528A02A-4D86-45EA-8012-CAB828153F11}"
EndProject
Project("{FAE04EC0-301F-11D3-BF4B-00C04F79EFBC}") = "FOT.Application.Tests", "tests\Server\FOT.Application.Tests\FOT.Application.Tests.csproj", "{ED5ECA4A-CD24-48EB-9E3C-E7919C64ECFA}"
EndProject
Project("{FAE04EC0-301F-11D3-BF4B-00C04F79EFBC}") = "FOT.WebApi.Tests", "tests\Server\FOT.WebApi.Tests\FOT.WebApi.Tests.csproj", "{F69711BD-29AB-4DFD-9E24-C07628FAEFDD}"
EndProject
Project("{FAE04EC0-301F-11D3-BF4B-00C04F79EFBC}") = "FOT.DatabaseInfrastructure.Tests", "tests\Server\Infrastructure\FOT.DatabaseInfrastructure.Tests\FOT.DatabaseInfrastructure.Tests.csproj", "{DDBB38E8-F0CC-4B15-9DF3-67C4662AA544}"
EndProject
Global
	GlobalSection(SolutionConfigurationPlatforms) = preSolution
		Debug|Any CPU = Debug|Any CPU
		Release|Any CPU = Release|Any CPU
	EndGlobalSection
	GlobalSection(NestedProjects) = preSolution
		{4E7FE0A3-4AE8-4E3E-BE91-4133E1438150} = {ED9ED851-F395-41D0-A7E2-43C669637619}
		{5771722B-69B5-4F84-8C36-8F95132B0158} = {4E7FE0A3-4AE8-4E3E-BE91-4133E1438150}
		{7883D5DB-A309-4A04-931C-113D8E3E8B30} = {4E7FE0A3-4AE8-4E3E-BE91-4133E1438150}
		{489029AF-A85F-4D0B-A8F0-3B1BFEF0F3FD} = {4E7FE0A3-4AE8-4E3E-BE91-4133E1438150}
		{AEC70C78-7448-4922-A27E-6CA64B2F695B} = {489029AF-A85F-4D0B-A8F0-3B1BFEF0F3FD}
		{1316511C-2EBB-40E1-939E-0425EE7383C3} = {4E7FE0A3-4AE8-4E3E-BE91-4133E1438150}
		{12599FA8-DFFC-43C2-A06F-98D75CEF4784} = {4E7FE0A3-4AE8-4E3E-BE91-4133E1438150}
		{FD486916-06FF-4415-B5B2-3E52816FEF77} = {12599FA8-DFFC-43C2-A06F-98D75CEF4784}
		{FC40609C-E78D-4128-AB6D-1F4DD928EAB9} = {ED9ED851-F395-41D0-A7E2-43C669637619}
		{B3C5D0AA-EBDB-438D-B086-7831EDAE9D58} = {12599FA8-DFFC-43C2-A06F-98D75CEF4784}
		{7B64AECD-B91F-4281-A717-900A2B1E9547} = {1D5C2BC4-EFAD-4883-AB0C-8757C25568E3}
		{F528A02A-4D86-45EA-8012-CAB828153F11} = {7B64AECD-B91F-4281-A717-900A2B1E9547}
		{ED5ECA4A-CD24-48EB-9E3C-E7919C64ECFA} = {7B64AECD-B91F-4281-A717-900A2B1E9547}
		{F69711BD-29AB-4DFD-9E24-C07628FAEFDD} = {7B64AECD-B91F-4281-A717-900A2B1E9547}
	EndGlobalSection
	GlobalSection(ProjectConfigurationPlatforms) = postSolution
		{5771722B-69B5-4F84-8C36-8F95132B0158}.Debug|Any CPU.ActiveCfg = Debug|Any CPU
		{5771722B-69B5-4F84-8C36-8F95132B0158}.Debug|Any CPU.Build.0 = Debug|Any CPU
		{5771722B-69B5-4F84-8C36-8F95132B0158}.Release|Any CPU.ActiveCfg = Release|Any CPU
		{5771722B-69B5-4F84-8C36-8F95132B0158}.Release|Any CPU.Build.0 = Release|Any CPU
		{7883D5DB-A309-4A04-931C-113D8E3E8B30}.Debug|Any CPU.ActiveCfg = Debug|Any CPU
		{7883D5DB-A309-4A04-931C-113D8E3E8B30}.Debug|Any CPU.Build.0 = Debug|Any CPU
		{7883D5DB-A309-4A04-931C-113D8E3E8B30}.Release|Any CPU.ActiveCfg = Release|Any CPU
		{7883D5DB-A309-4A04-931C-113D8E3E8B30}.Release|Any CPU.Build.0 = Release|Any CPU
		{AEC70C78-7448-4922-A27E-6CA64B2F695B}.Debug|Any CPU.ActiveCfg = Debug|Any CPU
		{AEC70C78-7448-4922-A27E-6CA64B2F695B}.Debug|Any CPU.Build.0 = Debug|Any CPU
		{AEC70C78-7448-4922-A27E-6CA64B2F695B}.Release|Any CPU.ActiveCfg = Release|Any CPU
		{AEC70C78-7448-4922-A27E-6CA64B2F695B}.Release|Any CPU.Build.0 = Release|Any CPU
		{1316511C-2EBB-40E1-939E-0425EE7383C3}.Debug|Any CPU.ActiveCfg = Debug|Any CPU
		{1316511C-2EBB-40E1-939E-0425EE7383C3}.Debug|Any CPU.Build.0 = Debug|Any CPU
		{1316511C-2EBB-40E1-939E-0425EE7383C3}.Release|Any CPU.ActiveCfg = Release|Any CPU
		{1316511C-2EBB-40E1-939E-0425EE7383C3}.Release|Any CPU.Build.0 = Release|Any CPU
		{FD486916-06FF-4415-B5B2-3E52816FEF77}.Debug|Any CPU.ActiveCfg = Debug|Any CPU
		{FD486916-06FF-4415-B5B2-3E52816FEF77}.Debug|Any CPU.Build.0 = Debug|Any CPU
		{FD486916-06FF-4415-B5B2-3E52816FEF77}.Release|Any CPU.ActiveCfg = Release|Any CPU
		{FD486916-06FF-4415-B5B2-3E52816FEF77}.Release|Any CPU.Build.0 = Release|Any CPU
		{B3C5D0AA-EBDB-438D-B086-7831EDAE9D58}.Debug|Any CPU.ActiveCfg = Debug|Any CPU
		{B3C5D0AA-EBDB-438D-B086-7831EDAE9D58}.Debug|Any CPU.Build.0 = Debug|Any CPU
		{B3C5D0AA-EBDB-438D-B086-7831EDAE9D58}.Release|Any CPU.ActiveCfg = Release|Any CPU
		{B3C5D0AA-EBDB-438D-B086-7831EDAE9D58}.Release|Any CPU.Build.0 = Release|Any CPU
		{F528A02A-4D86-45EA-8012-CAB828153F11}.Debug|Any CPU.ActiveCfg = Debug|Any CPU
		{F528A02A-4D86-45EA-8012-CAB828153F11}.Debug|Any CPU.Build.0 = Debug|Any CPU
		{F528A02A-4D86-45EA-8012-CAB828153F11}.Release|Any CPU.ActiveCfg = Release|Any CPU
		{F528A02A-4D86-45EA-8012-CAB828153F11}.Release|Any CPU.Build.0 = Release|Any CPU
		{ED5ECA4A-CD24-48EB-9E3C-E7919C64ECFA}.Debug|Any CPU.ActiveCfg = Debug|Any CPU
		{ED5ECA4A-CD24-48EB-9E3C-E7919C64ECFA}.Debug|Any CPU.Build.0 = Debug|Any CPU
		{ED5ECA4A-CD24-48EB-9E3C-E7919C64ECFA}.Release|Any CPU.ActiveCfg = Release|Any CPU
		{ED5ECA4A-CD24-48EB-9E3C-E7919C64ECFA}.Release|Any CPU.Build.0 = Release|Any CPU
		{F69711BD-29AB-4DFD-9E24-C07628FAEFDD}.Debug|Any CPU.ActiveCfg = Debug|Any CPU
		{F69711BD-29AB-4DFD-9E24-C07628FAEFDD}.Debug|Any CPU.Build.0 = Debug|Any CPU
		{F69711BD-29AB-4DFD-9E24-C07628FAEFDD}.Release|Any CPU.ActiveCfg = Release|Any CPU
		{F69711BD-29AB-4DFD-9E24-C07628FAEFDD}.Release|Any CPU.Build.0 = Release|Any CPU
		{262101DC-F8F2-44B2-A395-CD8DC06AD27F}.Debug|Any CPU.ActiveCfg = Debug|Any CPU
		{262101DC-F8F2-44B2-A395-CD8DC06AD27F}.Debug|Any CPU.Build.0 = Debug|Any CPU
		{262101DC-F8F2-44B2-A395-CD8DC06AD27F}.Release|Any CPU.ActiveCfg = Release|Any CPU
		{262101DC-F8F2-44B2-A395-CD8DC06AD27F}.Release|Any CPU.Build.0 = Release|Any CPU
		{DDBB38E8-F0CC-4B15-9DF3-67C4662AA544}.Debug|Any CPU.ActiveCfg = Debug|Any CPU
		{DDBB38E8-F0CC-4B15-9DF3-67C4662AA544}.Debug|Any CPU.Build.0 = Debug|Any CPU
		{DDBB38E8-F0CC-4B15-9DF3-67C4662AA544}.Release|Any CPU.ActiveCfg = Release|Any CPU
		{DDBB38E8-F0CC-4B15-9DF3-67C4662AA544}.Release|Any CPU.Build.0 = Release|Any CPU
	EndGlobalSection
EndGlobal
